lockfileVersion: '9.0'

settings:
  autoInstallPeers: true
  excludeLinksFromLockfile: false

importers:

  .:
    dependencies:
      '@tailwindcss/postcss':
        specifier: 4.0.0-alpha.25
        version: 4.0.0-alpha.25
      tailwindcss:
        specifier: 4.0.0-alpha.25
        version: 4.0.0-alpha.25
      vue:
        specifier: ^3.5.3
        version: 3.5.10(typescript@5.6.2)
    devDependencies:
      '@rsbuild/core':
        specifier: ^1.0.1
        version: 1.0.7
      '@rsbuild/plugin-vue':
        specifier: ^1.0.1
        version: 1.0.1(@rsbuild/core@1.0.7)(vue@3.5.10(typescript@5.6.2))
      typescript:
        specifier: ^5.5.2
        version: 5.6.2

packages:

  '@babel/helper-string-parser@7.24.8':
    resolution: {integrity: sha512-pO9KhhRcuUyGnJWwyEgnRJTSIZHiT+vMD0kPeD+so0l7mxkMT19g3pjY9GTnHySck/hDzq+dtW/4VgnMkippsQ==}
    engines: {node: '>=6.9.0'}

  '@babel/helper-validator-identifier@7.24.7':
    resolution: {integrity: sha512-rR+PBcQ1SMQDDyF6X0wxtG8QyLCgUB0eRAGguqRLfkCA87l7yAP7ehq8SNj96OOGTO8OBV70KhuFYcIkHXOg0w==}
    engines: {node: '>=6.9.0'}

  '@babel/parser@7.25.6':
    resolution: {integrity: sha512-trGdfBdbD0l1ZPmcJ83eNxB9rbEax4ALFTF7fN386TMYbeCQbyme5cOEXQhbGXKebwGaB/J52w1mrklMcbgy6Q==}
    engines: {node: '>=6.0.0'}
    hasBin: true

  '@babel/types@7.25.6':
    resolution: {integrity: sha512-/l42B1qxpG6RdfYf343Uw1vmDjeNhneUXtzhojE7pDgfpEypmRhI6j1kr17XCVv4Cgl9HdAiQY2x0GwKm7rWCw==}
    engines: {node: '>=6.9.0'}

  '@jridgewell/gen-mapping@0.3.5':
    resolution: {integrity: sha512-IzL8ZoEDIBRWEzlCcRhOaCupYyN5gdIK+Q6fbFdPDg6HqX6jpkItn7DFIpW9LQzXG6Df9sA7+OKnq0qlz/GaQg==}
    engines: {node: '>=6.0.0'}

  '@jridgewell/resolve-uri@3.1.2':
    resolution: {integrity: sha512-bRISgCIjP20/tbWSPWMEi54QVPRZExkuD9lJL+UIxUKtwVJA8wW1Trb1jMs1RFXo1CBTNZ/5hpC9QvmKWdopKw==}
    engines: {node: '>=6.0.0'}

  '@jridgewell/set-array@1.2.1':
    resolution: {integrity: sha512-R8gLRTZeyp03ymzP/6Lil/28tGeGEzhx1q2k703KGWRAI1VdvPIXdG70VJc2pAMw3NA6JKL5hhFu1sJX0Mnn/A==}
    engines: {node: '>=6.0.0'}

  '@jridgewell/source-map@0.3.6':
    resolution: {integrity: sha512-1ZJTZebgqllO79ue2bm3rIGud/bOe0pP5BjSRCRxxYkEZS8STV7zN84UBbiYu7jy+eCKSnVIUgoWWE/tt+shMQ==}

  '@jridgewell/sourcemap-codec@1.5.0':
    resolution: {integrity: sha512-gv3ZRaISU3fjPAgNsriBRqGWQL6quFx04YMPW/zD8XMLsU32mhCCbfbO6KZFLjvYpCZ8zyDEgqsgf+PwPaM7GQ==}

  '@jridgewell/trace-mapping@0.3.25':
    resolution: {integrity: sha512-vNk6aEwybGtawWmy/PzwnGDOjCkLWSD2wqvjGGAgOAwCGWySYXfYoxt00IJkTF+8Lb57DwOb3Aa0o9CApepiYQ==}

  '@module-federation/runtime-tools@0.5.1':
    resolution: {integrity: sha512-nfBedkoZ3/SWyO0hnmaxuz0R0iGPSikHZOAZ0N/dVSQaIzlffUo35B5nlC2wgWIc0JdMZfkwkjZRrnuuDIJbzg==}

  '@module-federation/runtime@0.5.1':
    resolution: {integrity: sha512-xgiMUWwGLWDrvZc9JibuEbXIbhXg6z2oUkemogSvQ4LKvrl/n0kbqP1Blk669mXzyWbqtSp6PpvNdwaE1aN5xQ==}

  '@module-federation/sdk@0.5.1':
    resolution: {integrity: sha512-exvchtjNURJJkpqjQ3/opdbfeT2wPKvrbnGnyRkrwW5o3FH1LaST1tkiNviT6OXTexGaVc2DahbdniQHVtQ7pA==}

  '@module-federation/webpack-bundler-runtime@0.5.1':
    resolution: {integrity: sha512-mMhRFH0k2VjwHt3Jol9JkUsmI/4XlrAoBG3E0o7HoyoPYv1UFOWyqAflfANcUPgbYpvqmyLzDcO+3IT36LXnrA==}

  '@rsbuild/core@1.0.7':
    resolution: {integrity: sha512-NqPAtKnPGdvKituKehTzUd8bnzVsdAs6vLY82OwymkmMlW9zcFYfeVYAfSUS3uTv7vDIFQwff0PHgYYV3ufpwQ==}
    engines: {node: '>=16.7.0'}
    hasBin: true

  '@rsbuild/plugin-vue@1.0.1':
    resolution: {integrity: sha512-HmxGkquVbivxaLovYeZhHk2tm8fm/f6h5rKcGtHTce4BlrDDN63gjRpfCa8eLnbIsmBPYen4rPXmOwMLReEBJQ==}
    peerDependencies:
      '@rsbuild/core': 1.x || ^1.0.1-rc.0

  '@rspack/binding-darwin-arm64@1.0.7':
    resolution: {integrity: sha512-VnkgTM2OJzWTJxiWxLeUpRGumDp0XAsjU9/DL1PBjw1W+1exyGc2QST8q+mxsgDPDl9u1rjJa6UN4oboBbl47Q==}
    cpu: [arm64]
    os: [darwin]

  '@rspack/binding-darwin-x64@1.0.7':
    resolution: {integrity: sha512-43v660eofqzRVtTVddl28K5550E1gCeWIc8WRUAxJoL4QTzoo8M3iGnU8CquKG6phat5Iug8mJ0OIUfqHGK8YQ==}
    cpu: [x64]
    os: [darwin]

  '@rspack/binding-linux-arm64-gnu@1.0.7':
    resolution: {integrity: sha512-FHS1cU5MzXijVKQ7xW2Rpp0wvtN0BQYbouT3Yx6DNrdtE3P4i/XHnol8zdHkpHeSCOP/p0bnyO+Q/BbXXr4XSw==}
    cpu: [arm64]
    os: [linux]

  '@rspack/binding-linux-arm64-musl@1.0.7':
    resolution: {integrity: sha512-WT+h3fpEWY+60UqiTcwTq6jq6NFhZdZW+Onb3QHQ9F9myWOemM5z5GF8rxWKTn6PHOMz01o/cF4ikMQRfC/sEA==}
    cpu: [arm64]
    os: [linux]

  '@rspack/binding-linux-x64-gnu@1.0.7':
    resolution: {integrity: sha512-l2ORrXY+dG7n/yog5tGwk3NZLLWh/jz88+74IQkVBX1wRViJt1cJZE9wDqoCLhT6dgCreIUZ1s5UghuAR6ymYQ==}
    cpu: [x64]
    os: [linux]

  '@rspack/binding-linux-x64-musl@1.0.7':
    resolution: {integrity: sha512-k1qtanXpQiGk/h2UfVDxLqzkS/LHj5i4AlMTV6q/CIBUjTOrwO4yFWCCC8JLw4vK6rT/YK/Ib4nwy1XRyVY+dQ==}
    cpu: [x64]
    os: [linux]

  '@rspack/binding-win32-arm64-msvc@1.0.7':
    resolution: {integrity: sha512-WqdaSOo6uGy1c4AkmvcJTtjJT9F7/c5dNTUCTXWAFzh9V1k1X5tpPCxFFB/PpWov59esywkV2ZRIgDypBf3PLg==}
    cpu: [arm64]
    os: [win32]

  '@rspack/binding-win32-ia32-msvc@1.0.7':
    resolution: {integrity: sha512-H9/U63KyIVlmmb34pRsX45Q0sdSqST22+za67dwEZicx5DjswGHQlkcdWZPmvsquACUG/ZyJf+tOzR3tm/sE5Q==}
    cpu: [ia32]
    os: [win32]

  '@rspack/binding-win32-x64-msvc@1.0.7':
    resolution: {integrity: sha512-T6E00hKhgfXLkWmkmzyxYl/jKWot0PE2U4/ciGlBVQtDyjc50WPWnRREyPAEv7ozgAqou+ugd5KN+O6SFz4NbQ==}
    cpu: [x64]
    os: [win32]

  '@rspack/binding@1.0.7':
    resolution: {integrity: sha512-lSjxstfgtesIj1A0pk1W99iTIyDyfv/HXveyV3x+C+62pv0i0jj9tJUDmFM1gGwitKzm1LV9DgW/sOuzz3NtNw==}

  '@rspack/core@1.0.7':
    resolution: {integrity: sha512-L3O0GDKasMmLtDkZrbfJI8OFJ5hmlLannoJ2hDR3LMq8tC/q0jIXTL7YIo7rStsudecCkcD7CH/Smm00itZSzg==}
    engines: {node: '>=16.0.0'}
    peerDependencies:
      '@swc/helpers': '>=0.5.1'
    peerDependenciesMeta:
      '@swc/helpers':
        optional: true

  '@rspack/lite-tapable@1.0.0':
    resolution: {integrity: sha512-7MZf4lburSUZoEenwazwUDKHhqyfnLCGnQ/tKcUtztfmVzfjZfRn/EaiT0AKkYGnL2U8AGsw89oUeVyvaOLVCw==}
    engines: {node: '>=16.0.0'}

  '@rspack/lite-tapable@1.0.1':
    resolution: {integrity: sha512-VynGOEsVw2s8TAlLf/uESfrgfrq2+rcXB1muPJYBWbsm1Oa6r5qVQhjA5ggM6z/coYPrsVMgovl3Ff7Q7OCp1w==}
    engines: {node: '>=16.0.0'}

  '@swc/helpers@0.5.13':
    resolution: {integrity: sha512-UoKGxQ3r5kYI9dALKJapMmuK+1zWM/H17Z1+iwnNmzcJRnfFuevZs375TA5rW31pu4BS4NoSy1fRsexDXfWn5w==}

  '@tailwindcss/node@4.0.0-alpha.25':
    resolution: {integrity: sha512-vrJFQRDB4KJ+hGYIPz01i4yDUANyqRq7VwPouq/jKBqkDYdHZ03MhNn4NcLwkml3jZTh0iCWkLkiD+F2DZ3v+A==}

  '@tailwindcss/oxide-android-arm64@4.0.0-alpha.25':
    resolution: {integrity: sha512-3YOWSqtVRxw7cQMlkZsIax4J6+0oeCCZzl7bsJXdorHCW4UQuNZWsnGo3u58fON2/H6TM8O38LY18NS/ibPtog==}
    engines: {node: '>= 10'}
    cpu: [arm64]
    os: [android]

  '@tailwindcss/oxide-darwin-arm64@4.0.0-alpha.25':
    resolution: {integrity: sha512-YlfFSA7HTFELwspc4jFF5e9SO/Yj2wXpMOHPLiXKix3ykK44703mSs/JHRIJApL0cLYL12Xk2cJDXu/kvf3zDA==}
    engines: {node: '>= 10'}
    cpu: [arm64]
    os: [darwin]

  '@tailwindcss/oxide-darwin-x64@4.0.0-alpha.25':
    resolution: {integrity: sha512-Ml9nmmff/RXtQ3BWXmnMT+UuXa1zpDLv7tUe7Wk5Ji1Vzb+N98TeC307HjM4/nnq+2sivN7NQ0Bezuoc3zeoFQ==}
    engines: {node: '>= 10'}
    cpu: [x64]
    os: [darwin]

  '@tailwindcss/oxide-freebsd-x64@4.0.0-alpha.25':
    resolution: {integrity: sha512-qE4BSZfamzpyX0pTNCGYPxK65v+BbyCP2LyJLLINCf95QDLKMjjHaheJ/VDtJ0t3Yx7fgv4uqkxsavmSYsModA==}
    engines: {node: '>= 10'}
    cpu: [x64]
    os: [freebsd]

  '@tailwindcss/oxide-linux-arm-gnueabihf@4.0.0-alpha.25':
    resolution: {integrity: sha512-2lHD9BvBzAbxnSxpZ2CTIHTAOwImf78V7WFALoJLx7jpRw/NRkC4UhDdML/qBka2ARGr9C7cwKr7KsI+8FK88w==}
    engines: {node: '>= 10'}
    cpu: [arm]
    os: [linux]

  '@tailwindcss/oxide-linux-arm64-gnu@4.0.0-alpha.25':
    resolution: {integrity: sha512-X8nohOQ/0u1bGoG25/4kZGV2N0aYBuvztTh/iAJwKj2zfZtZ082kv+6Ye4heDIGk2pZslsQchw9mtBkcA8rHVA==}
    engines: {node: '>= 10'}
    cpu: [arm64]
    os: [linux]

  '@tailwindcss/oxide-linux-arm64-musl@4.0.0-alpha.25':
    resolution: {integrity: sha512-OFb6hRpFD9WgV1EtYifxcB/KuqzUOsEebEAvT7OGu6CaLc0EMTWFOy0vaiF8flp67oofyqoj65Q12p305+SzSw==}
    engines: {node: '>= 10'}
    cpu: [arm64]
    os: [linux]

  '@tailwindcss/oxide-linux-x64-gnu@4.0.0-alpha.25':
    resolution: {integrity: sha512-hnAWqYGqsjoC2kxJAEMKQoNK4lQfd/k/EZJw7Ep8ETMwEF7Y0bIuT/0IWwQ/JnFkRsYKYYuPt+6VwpJ6nGXclQ==}
    engines: {node: '>= 10'}
    cpu: [x64]
    os: [linux]

  '@tailwindcss/oxide-linux-x64-musl@4.0.0-alpha.25':
    resolution: {integrity: sha512-LpE7gYpHZPMHaHivri3bMau/ib3uqSGzsEoKZmMF1FAahsqXS6gjoxlH2zlrQUYSHwcopIJ+uTS2LKn+7SvOiA==}
    engines: {node: '>= 10'}
    cpu: [x64]
    os: [linux]

  '@tailwindcss/oxide-win32-x64-msvc@4.0.0-alpha.25':
    resolution: {integrity: sha512-LafwWEuJl/2Jba6yArcE49GGA/bGT9GeLo1NyKqi0n7sGAdQwUXKVFWyL3OimNGS335l4cH8uuv3AnstsVm3Bw==}
    engines: {node: '>= 10'}
    cpu: [x64]
    os: [win32]

  '@tailwindcss/oxide@4.0.0-alpha.25':
    resolution: {integrity: sha512-B5ynEG7AuiYrIY8a+IZZ23fPAzMfViemqtt6A0CBC1qdEXQoUfX9IuZ/s6eGAaUQ+Ify+5rfCPyUFZPQHC8kGQ==}
    engines: {node: '>= 10'}

  '@tailwindcss/postcss@4.0.0-alpha.25':
    resolution: {integrity: sha512-7fA6C8FCJqgRp3+jWJVvNtyEMHmvo5zoe89ex+X8V5xmhDo3Yrl1IW/oqVMGcxNcvrQxTEWlV3bGwSfJZyGqnQ==}

  '@types/estree@1.0.6':
    resolution: {integrity: sha512-AYnb1nQyY49te+VRAVgmzfcgjYS91mY5P0TKUDCLEM+gNnA+3T6rWITXRLYCpahpqSQbN5cE+gHpnPyXjHWxcw==}

  '@types/json-schema@7.0.15':
    resolution: {integrity: sha512-5+fP8P8MFNC+AyZCDxrB2pkZFPGzqQWUzpSeuuVLvm8VMcorNYavBqoFcxK8bQz4Qsbn4oUEEem4wDLfcysGHA==}

  '@types/node@22.7.4':
    resolution: {integrity: sha512-y+NPi1rFzDs1NdQHHToqeiX2TIS79SWEAw9GYhkkx8bD0ChpfqC+n2j5OXOCpzfojBEBt6DnEnnG9MY0zk1XLg==}

  '@vue/compiler-core@3.5.10':
    resolution: {integrity: sha512-iXWlk+Cg/ag7gLvY0SfVucU8Kh2CjysYZjhhP70w9qI4MvSox4frrP+vDGvtQuzIcgD8+sxM6lZvCtdxGunTAA==}

  '@vue/compiler-dom@3.5.10':
    resolution: {integrity: sha512-DyxHC6qPcktwYGKOIy3XqnHRrrXyWR2u91AjP+nLkADko380srsC2DC3s7Y1Rk6YfOlxOlvEQKa9XXmLI+W4ZA==}

  '@vue/compiler-sfc@3.5.10':
    resolution: {integrity: sha512-to8E1BgpakV7224ZCm8gz1ZRSyjNCAWEplwFMWKlzCdP9DkMKhRRwt0WkCjY7jkzi/Vz3xgbpeig5Pnbly4Tow==}

  '@vue/compiler-ssr@3.5.10':
    resolution: {integrity: sha512-hxP4Y3KImqdtyUKXDRSxKSRkSm1H9fCvhojEYrnaoWhE4w/y8vwWhnosJoPPe2AXm5sU7CSbYYAgkt2ZPhDz+A==}

  '@vue/reactivity@3.5.10':
    resolution: {integrity: sha512-kW08v06F6xPSHhid9DJ9YjOGmwNDOsJJQk0ax21wKaUYzzuJGEuoKNU2Ujux8FLMrP7CFJJKsHhXN9l2WOVi2g==}

  '@vue/runtime-core@3.5.10':
    resolution: {integrity: sha512-9Q86I5Qq3swSkFfzrZ+iqEy7Vla325M7S7xc1NwKnRm/qoi1Dauz0rT6mTMmscqx4qz0EDJ1wjB+A36k7rl8mA==}

  '@vue/runtime-dom@3.5.10':
    resolution: {integrity: sha512-t3x7ht5qF8ZRi1H4fZqFzyY2j+GTMTDxRheT+i8M9Ph0oepUxoadmbwlFwMoW7RYCpNQLpP2Yx3feKs+fyBdpA==}

  '@vue/server-renderer@3.5.10':
    resolution: {integrity: sha512-IVE97tt2kGKwHNq9yVO0xdh1IvYfZCShvDSy46JIh5OQxP1/EXSpoDqetVmyIzL7CYOWnnmMkVqd7YK2QSWkdw==}
    peerDependencies:
      vue: 3.5.10

  '@vue/shared@3.5.10':
    resolution: {integrity: sha512-VkkBhU97Ki+XJ0xvl4C9YJsIZ2uIlQ7HqPpZOS3m9VCvmROPaChZU6DexdMJqvz9tbgG+4EtFVrSuailUq5KGQ==}

  '@webassemblyjs/ast@1.12.1':
    resolution: {integrity: sha512-EKfMUOPRRUTy5UII4qJDGPpqfwjOmZ5jeGFwid9mnoqIFK+e0vqoi1qH56JpmZSzEL53jKnNzScdmftJyG5xWg==}

  '@webassemblyjs/floating-point-hex-parser@1.11.6':
    resolution: {integrity: sha512-ejAj9hfRJ2XMsNHk/v6Fu2dGS+i4UaXBXGemOfQ/JfQ6mdQg/WXtwleQRLLS4OvfDhv8rYnVwH27YJLMyYsxhw==}

  '@webassemblyjs/helper-api-error@1.11.6':
    resolution: {integrity: sha512-o0YkoP4pVu4rN8aTJgAyj9hC2Sv5UlkzCHhxqWj8butaLvnpdc2jOwh4ewE6CX0txSfLn/UYaV/pheS2Txg//Q==}

  '@webassemblyjs/helper-buffer@1.12.1':
    resolution: {integrity: sha512-nzJwQw99DNDKr9BVCOZcLuJJUlqkJh+kVzVl6Fmq/tI5ZtEyWT1KZMyOXltXLZJmDtvLCDgwsyrkohEtopTXCw==}

  '@webassemblyjs/helper-numbers@1.11.6':
    resolution: {integrity: sha512-vUIhZ8LZoIWHBohiEObxVm6hwP034jwmc9kuq5GdHZH0wiLVLIPcMCdpJzG4C11cHoQ25TFIQj9kaVADVX7N3g==}

  '@webassemblyjs/helper-wasm-bytecode@1.11.6':
    resolution: {integrity: sha512-sFFHKwcmBprO9e7Icf0+gddyWYDViL8bpPjJJl0WHxCdETktXdmtWLGVzoHbqUcY4Be1LkNfwTmXOJUFZYSJdA==}

  '@webassemblyjs/helper-wasm-section@1.12.1':
    resolution: {integrity: sha512-Jif4vfB6FJlUlSbgEMHUyk1j234GTNG9dBJ4XJdOySoj518Xj0oGsNi59cUQF4RRMS9ouBUxDDdyBVfPTypa5g==}

  '@webassemblyjs/ieee754@1.11.6':
    resolution: {integrity: sha512-LM4p2csPNvbij6U1f19v6WR56QZ8JcHg3QIJTlSwzFcmx6WSORicYj6I63f9yU1kEUtrpG+kjkiIAkevHpDXrg==}

  '@webassemblyjs/leb128@1.11.6':
    resolution: {integrity: sha512-m7a0FhE67DQXgouf1tbN5XQcdWoNgaAuoULHIfGFIEVKA6tu/edls6XnIlkmS6FrXAquJRPni3ZZKjw6FSPjPQ==}

  '@webassemblyjs/utf8@1.11.6':
    resolution: {integrity: sha512-vtXf2wTQ3+up9Zsg8sa2yWiQpzSsMyXj0qViVP6xKGCUT8p8YJ6HqI7l5eCnWx1T/FYdsv07HQs2wTFbbof/RA==}

  '@webassemblyjs/wasm-edit@1.12.1':
    resolution: {integrity: sha512-1DuwbVvADvS5mGnXbE+c9NfA8QRcZ6iKquqjjmR10k6o+zzsRVesil54DKexiowcFCPdr/Q0qaMgB01+SQ1u6g==}

  '@webassemblyjs/wasm-gen@1.12.1':
    resolution: {integrity: sha512-TDq4Ojh9fcohAw6OIMXqiIcTq5KUXTGRkVxbSo1hQnSy6lAM5GSdfwWeSxpAo0YzgsgF182E/U0mDNhuA0tW7w==}

  '@webassemblyjs/wasm-opt@1.12.1':
    resolution: {integrity: sha512-Jg99j/2gG2iaz3hijw857AVYekZe2SAskcqlWIZXjji5WStnOpVoat3gQfT/Q5tb2djnCjBtMocY/Su1GfxPBg==}

  '@webassemblyjs/wasm-parser@1.12.1':
    resolution: {integrity: sha512-xikIi7c2FHXysxXe3COrVUPSheuBtpcfhbpFj4gmu7KRLYOzANztwUU0IbsqvMqzuNK2+glRGWCEqZo1WCLyAQ==}

  '@webassemblyjs/wast-printer@1.12.1':
    resolution: {integrity: sha512-+X4WAlOisVWQMikjbcvY2e0rwPsKQ9F688lksZhBcPycBBuii3O7m8FACbDMWDojpAqvjIncrG8J0XHKyQfVeA==}

  '@xtuc/ieee754@1.2.0':
    resolution: {integrity: sha512-DX8nKgqcGwsc0eJSqYt5lwP4DH5FlHnmuWWBRy7X0NcaGR0ZtuyeESgMwTYVEtxmsNGY+qit4QYT/MIYTOTPeA==}

  '@xtuc/long@4.2.2':
    resolution: {integrity: sha512-NuHqBY1PB/D8xU6s/thBgOAiAP7HOYDQ32+BFZILJ8ivkUkAHQnWfn6WhL79Owj1qmUnoN/YPhktdIoucipkAQ==}

  acorn-import-attributes@1.9.5:
    resolution: {integrity: sha512-n02Vykv5uA3eHGM/Z2dQrcD56kL8TyDb2p1+0P83PClMnC/nc+anbQRhIOWnSq4Ke/KvDPrY3C9hDtC/A3eHnQ==}
    peerDependencies:
      acorn: ^8

  acorn@8.12.1:
    resolution: {integrity: sha512-tcpGyI9zbizT9JbV6oYE477V6mTlXvvi0T0G3SNIYE2apm/G5huBa1+K89VGeovbg+jycCrfhl3ADxErOuO6Jg==}
    engines: {node: '>=0.4.0'}
    hasBin: true

  ajv-keywords@3.5.2:
    resolution: {integrity: sha512-5p6WTN0DdTGVQk6VjcEju19IgaHudalcfabD7yhDGeA6bcQnmL+CpveLJq/3hvfwd1aof6L386Ougkx6RfyMIQ==}
    peerDependencies:
      ajv: ^6.9.1

  ajv@6.12.6:
    resolution: {integrity: sha512-j3fVLgvTo527anyYyJOGTYJbG+vnnQYvE0m5mmkc1TK+nxAppkCLMIL0aZ4dblVCNoGShhm+kzE4ZUykBoMg4g==}

  ansi-styles@4.3.0:
    resolution: {integrity: sha512-zbB9rCJAT1rbjiVDb2hqKFHNYLxgtk8NURxZ3IZwD3F6NtxbXZQCnnSi1Lkx+IDohdPlFp222wVALIheZJQSEg==}
    engines: {node: '>=8'}

  browserslist@4.24.0:
    resolution: {integrity: sha512-Rmb62sR1Zpjql25eSanFGEhAxcFwfA1K0GuQcLoaJBAcENegrQut3hYdhXFF1obQfiDyqIW/cLM5HSJ/9k884A==}
    engines: {node: ^6 || ^7 || ^8 || ^9 || ^10 || ^11 || ^12 || >=13.7}
    hasBin: true

  buffer-from@1.1.2:
    resolution: {integrity: sha512-E+XQCRwSbaaiChtv6k6Dwgc+bx+Bs6vuKJHHl5kox/BaKbhiXzqQOwK4cO22yElGp2OCmjwVhT3HmxgyPGnJfQ==}

  caniuse-lite@1.0.30001664:
    resolution: {integrity: sha512-AmE7k4dXiNKQipgn7a2xg558IRqPN3jMQY/rOsbxDhrd0tyChwbITBfiwtnqz8bi2M5mIWbxAYBvk7W7QBUS2g==}

  chalk@4.1.2:
    resolution: {integrity: sha512-oKnbhFyRIXpUuez8iBMmyEa4nbj4IOQyuhc/wy9kY7/WVPcwIO9VA668Pu8RkO7+0G76SLROeyw9CpQ061i4mA==}
    engines: {node: '>=10'}

  chrome-trace-event@1.0.4:
    resolution: {integrity: sha512-rNjApaLzuwaOTjCiT8lSDdGN1APCiqkChLMJxJPWLunPAt5fy8xgU9/jNOchV84wfIxrA0lRQB7oCT8jrn/wrQ==}
    engines: {node: '>=6.0'}

  color-convert@2.0.1:
    resolution: {integrity: sha512-RRECPsj7iu/xb5oKYcsFHSppFNnsj/52OVTRKb4zP5onXwVF3zVmmToNcOfGC+CRDpfK/U584fMg38ZHCaElKQ==}
    engines: {node: '>=7.0.0'}

  color-name@1.1.4:
    resolution: {integrity: sha512-dOy+3AuW3a2wNbZHIuMZpTcgjGuLU/uBL/ubcZF9OXbDo8ff4O8yVp5Bf0efS8uEoYo5q4Fx7dY9OgQGXgAsQA==}

  commander@2.20.3:
    resolution: {integrity: sha512-GpVkmM8vF2vQUkj2LvZmD35JxeJOLCwJ9cUkugyk2nuhbv3+mJvpLYYt+0+USMxE+oj+ey/lJEnhZw75x/OMcQ==}

  core-js@3.38.1:
    resolution: {integrity: sha512-OP35aUorbU3Zvlx7pjsFdu1rGNnD4pgw/CWoYzRY3t2EzoVT7shKHY1dlAy3f41cGIO7ZDPQimhGFTlEYkG/Hw==}

  csstype@3.1.3:
    resolution: {integrity: sha512-M1uQkMl8rQK/szD0LNhtqxIPLpimGm8sOBwU7lLnCpSbTyY3yeU1Vc7l4KT5zT4s/yOxHH5O7tIuuLOCnLADRw==}

  detect-libc@1.0.3:
    resolution: {integrity: sha512-pGjwhsmsp4kL2RTz08wcOlGN83otlqHeD/Z5T8GXZB+/YcpQ/dgo+lbU8ZsGxV0HIvqqxo9l7mqYwyYMD9bKDg==}
    engines: {node: '>=0.10'}
    hasBin: true

  electron-to-chromium@1.5.29:
    resolution: {integrity: sha512-PF8n2AlIhCKXQ+gTpiJi0VhcHDb69kYX4MtCiivctc2QD3XuNZ/XIOlbGzt7WAjjEev0TtaH6Cu3arZExm5DOw==}

  enhanced-resolve@5.17.1:
    resolution: {integrity: sha512-LMHl3dXhTcfv8gM4kEzIUeTQ+7fpdA0l2tUf34BddXPkz2A5xJ5L/Pchd5BL6rdccM9QGvu0sWZzK1Z1t4wwyg==}
    engines: {node: '>=10.13.0'}

  entities@4.5.0:
    resolution: {integrity: sha512-V0hjH4dGPh9Ao5p0MoRY6BVqtwCjhz6vI5LT8AJ55H+4g9/4vbHx1I54fS0XuclLhDHArPQCiMjDxjaL8fPxhw==}
    engines: {node: '>=0.12'}

  es-module-lexer@1.5.4:
    resolution: {integrity: sha512-MVNK56NiMrOwitFB7cqDwq0CQutbw+0BvLshJSse0MUNU+y1FC3bUS/AQg7oUng+/wKrrki7JfmwtVHkVfPLlw==}

  escalade@3.2.0:
    resolution: {integrity: sha512-WUj2qlxaQtO4g6Pq5c29GTcWGDyd8itL8zTlipgECz3JesAiiOKotd8JU6otB3PACgG6xkJUyVhboMS+bje/jA==}
    engines: {node: '>=6'}

  eslint-scope@5.1.1:
    resolution: {integrity: sha512-2NxwbF/hZ0KpepYN0cNbo+FN6XoK7GaHlQhgx/hIZl6Va0bF45RQOOwhLIy8lQDbuCiadSLCBnH2CFYquit5bw==}
    engines: {node: '>=8.0.0'}

  esrecurse@4.3.0:
    resolution: {integrity: sha512-KmfKL3b6G+RXvP8N1vr3Tq1kL/oCFgn2NYXEtqP8/L3pKapUA4G8cFVaoF3SU323CD4XypR/ffioHmkti6/Tag==}
    engines: {node: '>=4.0'}

  estraverse@4.3.0:
    resolution: {integrity: sha512-39nnKffWz8xN1BU/2c79n9nB9HDzo0niYUqx6xyqUnyoAnQyyWpOTdZEeiCch8BBu515t4wp9ZmgVfVhn9EBpw==}
    engines: {node: '>=4.0'}

  estraverse@5.3.0:
    resolution: {integrity: sha512-MMdARuVEQziNTeJD8DgMqmhwR11BRQ/cBP+pLtYdSTnf3MIO8fFeiINEbX36ZdNlfU/7A9f3gUw49B3oQsvwBA==}
    engines: {node: '>=4.0'}

  estree-walker@2.0.2:
    resolution: {integrity: sha512-Rfkk/Mp/DL7JVje3u18FxFujQlTNR2q6QfMSMB7AvCBx91NGj/ba3kCfza0f6dVDbw7YlRf/nDrn7pQrCCyQ/w==}

  events@3.3.0:
    resolution: {integrity: sha512-mQw+2fkQbALzQ7V0MY0IqdnXNOeTtP4r0lN9z7AAawCXgqea7bDii20AYrIBrFd/Hx0M2Ocz6S111CaFkUcb0Q==}
    engines: {node: '>=0.8.x'}

  fast-deep-equal@3.1.3:
    resolution: {integrity: sha512-f3qQ9oQy9j2AhBe/H9VC91wLmKBCCU/gDOnKNAYG5hswO7BLKj09Hc5HYNz9cGI++xlpDCIgDaitVs03ATR84Q==}

  fast-json-stable-stringify@2.1.0:
    resolution: {integrity: sha512-lhd/wF+Lk98HZoTCtlVraHtfh5XYijIjalXck7saUtuanSDyLMxnHhSXEDJqHxD7msR8D0uCmqlkwjCV8xvwHw==}

  fsevents@2.3.3:
    resolution: {integrity: sha512-5xoDfX+fL7faATnagmWPpbFtwh/R77WmMMqqHGS65C3vvB0YHrgF+B1YmZ3441tMj5n63k0212XNoJwzlhffQw==}
    engines: {node: ^8.16.0 || ^10.6.0 || >=11.0.0}
    os: [darwin]

  glob-to-regexp@0.4.1:
    resolution: {integrity: sha512-lkX1HJXwyMcprw/5YUZc2s7DrpAiHB21/V+E1rHUrVNokkvB6bqMzT0VfV6/86ZNabt1k14YOIaT7nDvOX3Iiw==}

  graceful-fs@4.2.11:
    resolution: {integrity: sha512-RbJ5/jmFcNNCcDV5o9eTnBLJ/HszWV0P73bc+Ff4nS/rJj+YaS6IGyiOL0VoBYX+l1Wrl3k63h/KrH+nhJ0XvQ==}

  has-flag@4.0.0:
    resolution: {integrity: sha512-EykJT/Q1KjTWctppgIAgfSO0tKVuZUjhgMr17kqTumMl6Afv3EISleU7qZUzoXDFTAHTDC4NOoG/ZxU3EvlMPQ==}
    engines: {node: '>=8'}

  hash-sum@2.0.0:
    resolution: {integrity: sha512-WdZTbAByD+pHfl/g9QSsBIIwy8IT+EsPiKDs0KNX+zSHhdDLFKdZu0BQHljvO+0QI/BasbMSUa8wYNCZTvhslg==}

  jest-worker@27.5.1:
    resolution: {integrity: sha512-7vuh85V5cdDofPyxn58nrPjBktZo0u9x1g8WtjQol+jZDaE+fhN+cIvTj11GndBnMnyfrUOG1sZQxCdjKh+DKg==}
    engines: {node: '>= 10.13.0'}

  jiti@2.0.0:
    resolution: {integrity: sha512-CJ7e7Abb779OTRv3lomfp7Mns/Sy1+U4pcAx5VbjxCZD5ZM/VJaXPpPjNKjtSvWQy/H86E49REXR34dl1JEz9w==}
    hasBin: true

  json-parse-even-better-errors@2.3.1:
    resolution: {integrity: sha512-xyFwyhro/JEof6Ghe2iz2NcXoj2sloNsWr/XsERDK/oiPCfaNhl5ONfp+jQdAZRQQ0IJWNzH9zIZF7li91kh2w==}

  json-schema-traverse@0.4.1:
    resolution: {integrity: sha512-xbbCH5dCYU5T8LcEhhuh7HJ88HXuW3qsI3Y0zOZFKfZEHcpWiHU/Jxzk629Brsab/mMiHQti9wMP+845RPe3Vg==}

  lightningcss-darwin-arm64@1.27.0:
    resolution: {integrity: sha512-Gl/lqIXY+d+ySmMbgDf0pgaWSqrWYxVHoc88q+Vhf2YNzZ8DwoRzGt5NZDVqqIW5ScpSnmmjcgXP87Dn2ylSSQ==}
    engines: {node: '>= 12.0.0'}
    cpu: [arm64]
    os: [darwin]

  lightningcss-darwin-x64@1.27.0:
    resolution: {integrity: sha512-0+mZa54IlcNAoQS9E0+niovhyjjQWEMrwW0p2sSdLRhLDc8LMQ/b67z7+B5q4VmjYCMSfnFi3djAAQFIDuj/Tg==}
    engines: {node: '>= 12.0.0'}
    cpu: [x64]
    os: [darwin]

  lightningcss-freebsd-x64@1.27.0:
    resolution: {integrity: sha512-n1sEf85fePoU2aDN2PzYjoI8gbBqnmLGEhKq7q0DKLj0UTVmOTwDC7PtLcy/zFxzASTSBlVQYJUhwIStQMIpRA==}
    engines: {node: '>= 12.0.0'}
    cpu: [x64]
    os: [freebsd]

  lightningcss-linux-arm-gnueabihf@1.27.0:
    resolution: {integrity: sha512-MUMRmtdRkOkd5z3h986HOuNBD1c2lq2BSQA1Jg88d9I7bmPGx08bwGcnB75dvr17CwxjxD6XPi3Qh8ArmKFqCA==}
    engines: {node: '>= 12.0.0'}
    cpu: [arm]
    os: [linux]

  lightningcss-linux-arm64-gnu@1.27.0:
    resolution: {integrity: sha512-cPsxo1QEWq2sfKkSq2Bq5feQDHdUEwgtA9KaB27J5AX22+l4l0ptgjMZZtYtUnteBofjee+0oW1wQ1guv04a7A==}
    engines: {node: '>= 12.0.0'}
    cpu: [arm64]
    os: [linux]

  lightningcss-linux-arm64-musl@1.27.0:
    resolution: {integrity: sha512-rCGBm2ax7kQ9pBSeITfCW9XSVF69VX+fm5DIpvDZQl4NnQoMQyRwhZQm9pd59m8leZ1IesRqWk2v/DntMo26lg==}
    engines: {node: '>= 12.0.0'}
    cpu: [arm64]
    os: [linux]

  lightningcss-linux-x64-gnu@1.27.0:
    resolution: {integrity: sha512-Dk/jovSI7qqhJDiUibvaikNKI2x6kWPN79AQiD/E/KeQWMjdGe9kw51RAgoWFDi0coP4jinaH14Nrt/J8z3U4A==}
    engines: {node: '>= 12.0.0'}
    cpu: [x64]
    os: [linux]

  lightningcss-linux-x64-musl@1.27.0:
    resolution: {integrity: sha512-QKjTxXm8A9s6v9Tg3Fk0gscCQA1t/HMoF7Woy1u68wCk5kS4fR+q3vXa1p3++REW784cRAtkYKrPy6JKibrEZA==}
    engines: {node: '>= 12.0.0'}
    cpu: [x64]
    os: [linux]

  lightningcss-win32-arm64-msvc@1.27.0:
    resolution: {integrity: sha512-/wXegPS1hnhkeG4OXQKEMQeJd48RDC3qdh+OA8pCuOPCyvnm/yEayrJdJVqzBsqpy1aJklRCVxscpFur80o6iQ==}
    engines: {node: '>= 12.0.0'}
    cpu: [arm64]
    os: [win32]

  lightningcss-win32-x64-msvc@1.27.0:
    resolution: {integrity: sha512-/OJLj94Zm/waZShL8nB5jsNj3CfNATLCTyFxZyouilfTmSoLDX7VlVAmhPHoZWVFp4vdmoiEbPEYC8HID3m6yw==}
    engines: {node: '>= 12.0.0'}
    cpu: [x64]
    os: [win32]

  lightningcss@1.27.0:
    resolution: {integrity: sha512-8f7aNmS1+etYSLHht0fQApPc2kNO8qGRutifN5rVIc6Xo6ABsEbqOr758UwI7ALVbTt4x1fllKt0PYgzD9S3yQ==}
    engines: {node: '>= 12.0.0'}

  loader-runner@4.3.0:
    resolution: {integrity: sha512-3R/1M+yS3j5ou80Me59j7F9IMs4PXs3VqRrm0TU3AbKPxlmpoY1TNscJV/oGJXo8qCatFGTfDbY6W6ipGOYXfg==}
    engines: {node: '>=6.11.5'}

  magic-string@0.30.11:
    resolution: {integrity: sha512-+Wri9p0QHMy+545hKww7YAu5NyzF8iomPL/RQazugQ9+Ez4Ic3mERMd8ZTX5rfK944j+560ZJi8iAwgak1Ac7A==}

  merge-stream@2.0.0:
    resolution: {integrity: sha512-abv/qOcuPfk3URPfDzmZU1LKmuw8kT+0nIHvKrKgFrwifol/doWcdA4ZqsWQ8ENrFKkd67Mfpo/LovbIUsbt3w==}

  mime-db@1.52.0:
    resolution: {integrity: sha512-sPU4uV7dYlvtWJxwwxHD0PuihVNiE7TyAbQ5SWxDCB9mUYvOgroQOwYQQOKPJ8CIbE+1ETVlOoK1UC2nU3gYvg==}
    engines: {node: '>= 0.6'}

  mime-types@2.1.35:
    resolution: {integrity: sha512-ZDY+bPm5zTTF+YpCrAU9nK0UgICYPT0QtT1NZWFv4s++TNkcgVaT0g6+4R2uI4MjQjzysHB1zxuWL50hzaeXiw==}
    engines: {node: '>= 0.6'}

  nanoid@3.3.7:
    resolution: {integrity: sha512-eSRppjcPIatRIMC1U6UngP8XFcz8MQWGQdt1MTBQ7NaAmvXDfvNxbvWV3x2y6CdEUciCSsDHDQZbhYaB8QEo2g==}
    engines: {node: ^10 || ^12 || ^13.7 || ^14 || >=15.0.1}
    hasBin: true

  neo-async@2.6.2:
    resolution: {integrity: sha512-Yd3UES5mWCSqR+qNT93S3UoYUkqAZ9lLg8a7g9rimsWmYGK8cVToA4/sF3RrshdyV3sAGMXVUmpMYOw+dLpOuw==}

  node-releases@2.0.18:
    resolution: {integrity: sha512-d9VeXT4SJ7ZeOqGX6R5EM022wpL+eWPooLI+5UpWn2jCT1aosUQEhQP214x33Wkwx3JQMvIm+tIoVOdodFS40g==}

  picocolors@1.1.0:
    resolution: {integrity: sha512-TQ92mBOW0l3LeMeyLV6mzy/kWr8lkd/hp3mTg7wYK7zJhuBStmGMBG0BdeDZS/dZx1IukaX6Bk11zcln25o1Aw==}

  postcss@8.4.47:
    resolution: {integrity: sha512-56rxCq7G/XfB4EkXq9Egn5GCqugWvDFjafDOThIdMBsI15iqPqR5r15TfSr1YPYeEI19YeaXMCbY6u88Y76GLQ==}
    engines: {node: ^10 || ^12 || >=14}

  punycode@2.3.1:
    resolution: {integrity: sha512-vYt7UD1U9Wg6138shLtLOvdAu+8DsC/ilFtEVHcH+wydcSpNE20AfSOduf6MkRFahL5FY7X1oU7nKVZFtfq8Fg==}
    engines: {node: '>=6'}

  randombytes@2.1.0:
    resolution: {integrity: sha512-vYl3iOX+4CKUWuxGi9Ukhie6fsqXqS9FE2Zaic4tNFD2N2QQaXOMFbuKK4QmDHC0JO6B1Zp41J0LpT0oR68amQ==}

  safe-buffer@5.2.1:
    resolution: {integrity: sha512-rp3So07KcdmmKbGvgaNxQSJr7bGVSVk5S9Eq1F+ppbRo70+YeaDxkw5Dd8NPN+GD6bjnYm2VuPuCXmpuYvmCXQ==}

  schema-utils@3.3.0:
    resolution: {integrity: sha512-pN/yOAvcC+5rQ5nERGuwrjLlYvLTbCibnZ1I7B1LaiAz9BRBlE9GMgE/eqV30P7aJQUf7Ddimy/RsbYO/GrVGg==}
    engines: {node: '>= 10.13.0'}

  serialize-javascript@6.0.2:
    resolution: {integrity: sha512-Saa1xPByTTq2gdeFZYLLo+RFE35NHZkAbqZeWNd3BpzppeVisAqpDjcp8dyf6uIvEqJRd46jemmyA4iFIeVk8g==}

  source-map-js@1.2.1:
    resolution: {integrity: sha512-UXWMKhLOwVKb728IUtQPXxfYU+usdybtUrK/8uGE8CQMvrhOpwvzDBwj0QhSL7MQc7vIsISBG8VQ8+IDQxpfQA==}
    engines: {node: '>=0.10.0'}

  source-map-support@0.5.21:
    resolution: {integrity: sha512-uBHU3L3czsIyYXKX88fdrGovxdSCoTGDRZ6SYXtSRxLZUzHg5P/66Ht6uoUlHu9EZod+inXhKo3qQgwXUT/y1w==}

  source-map@0.6.1:
    resolution: {integrity: sha512-UjgapumWlbMhkBgzT7Ykc5YXUT46F0iKu8SGXq0bcwP5dz/h0Plj6enJqjz1Zbq2l5WaqYnrVbwWOWMyF3F47g==}
    engines: {node: '>=0.10.0'}

  supports-color@7.2.0:
    resolution: {integrity: sha512-qpCAvRl9stuOHveKsn7HncJRvv501qIacKzQlO/+Lwxc9+0q2wLyv4Dfvt80/DPn2pqOBsJdDiogXGR9+OvwRw==}
    engines: {node: '>=8'}

  supports-color@8.1.1:
    resolution: {integrity: sha512-MpUEN2OodtUzxvKQl72cUF7RQ5EiHsGvSsVG0ia9c5RbWGL2CI4C7EpPS8UTBIplnlzZiNuV56w+FuNxy3ty2Q==}
    engines: {node: '>=10'}

  tailwindcss@4.0.0-alpha.25:
    resolution: {integrity: sha512-nysTVicWw8JC06+EAJvT8+4RAV7qZpuKwz0QOpfL88/+XKG+HIrawSz5XxXigF48l37ehZfREbqGiS7cCN90jg==}

  tapable@2.2.1:
    resolution: {integrity: sha512-GNzQvQTOIP6RyTfE2Qxb8ZVlNmw0n88vp1szwWRimP02mnTsx3Wtn5qRdqY9w2XduFNUgvOwhNnQsjwCp+kqaQ==}
    engines: {node: '>=6'}

  terser-webpack-plugin@5.3.10:
    resolution: {integrity: sha512-BKFPWlPDndPs+NGGCr1U59t0XScL5317Y0UReNrHaw9/FwhPENlq6bfgs+4yPfyP51vqC1bQ4rp1EfXW5ZSH9w==}
    engines: {node: '>= 10.13.0'}
    peerDependencies:
      '@swc/core': '*'
      esbuild: '*'
      uglify-js: '*'
      webpack: ^5.1.0
    peerDependenciesMeta:
      '@swc/core':
        optional: true
      esbuild:
        optional: true
      uglify-js:
        optional: true

  terser@5.34.0:
    resolution: {integrity: sha512-y5NUX+U9HhVsK/zihZwoq4r9dICLyV2jXGOriDAVOeKhq3LKVjgJbGO90FisozXLlJfvjHqgckGmJFBb9KYoWQ==}
    engines: {node: '>=10'}
    hasBin: true

  to-fast-properties@2.0.0:
    resolution: {integrity: sha512-/OaKK0xYrs3DmxRYqL/yDc+FxFUVYhDlXMhRmv3z915w2HF1tnN1omB354j8VUGO/hbRzyD6Y3sA7v7GS/ceog==}
    engines: {node: '>=4'}

  tslib@2.7.0:
    resolution: {integrity: sha512-gLXCKdN1/j47AiHiOkJN69hJmcbGTHI0ImLmbYLHykhgeN0jVGola9yVjFgzCUklsZQMW55o+dW7IXv3RCXDzA==}

  typescript@5.6.2:
    resolution: {integrity: sha512-NW8ByodCSNCwZeghjN3o+JX5OFH0Ojg6sadjEKY4huZ52TqbJTJnDo5+Tw98lSy63NZvi4n+ez5m2u5d4PkZyw==}
    engines: {node: '>=14.17'}
    hasBin: true

  undici-types@6.19.8:
    resolution: {integrity: sha512-ve2KP6f/JnbPBFyobGHuerC9g1FYGn/F8n1LWTwNxCEzd6IfqTwUQcNXgEtmmQ6DlRrC1hrSrBnCZPokRrDHjw==}

  update-browserslist-db@1.1.1:
    resolution: {integrity: sha512-R8UzCaa9Az+38REPiJ1tXlImTJXlVfgHZsglwBD/k6nj76ctsH1E3q4doGrukiLQd3sGQYu56r5+lo5r94l29A==}
    hasBin: true
    peerDependencies:
      browserslist: '>= 4.21.0'

  uri-js@4.4.1:
    resolution: {integrity: sha512-7rKUyy33Q1yc98pQ1DAmLtwX109F7TIfWlW1Ydo8Wl1ii1SeHieeh0HHfPeL2fMXK6z0s8ecKs9frCuLJvndBg==}

  vue-loader@17.4.2:
    resolution: {integrity: sha512-yTKOA4R/VN4jqjw4y5HrynFL8AK0Z3/Jt7eOJXEitsm0GMRHDBjCfCiuTiLP7OESvsZYo2pATCWhDqxC5ZrM6w==}
    peerDependencies:
      '@vue/compiler-sfc': '*'
      vue: '*'
      webpack: ^4.1.0 || ^5.0.0-0
    peerDependenciesMeta:
      '@vue/compiler-sfc':
        optional: true
      vue:
        optional: true

  vue@3.5.10:
    resolution: {integrity: sha512-Vy2kmJwHPlouC/tSnIgXVg03SG+9wSqT1xu1Vehc+ChsXsRd7jLkKgMltVEFOzUdBr3uFwBCG+41LJtfAcBRng==}
    peerDependencies:
      typescript: '*'
    peerDependenciesMeta:
      typescript:
        optional: true

  watchpack@2.4.2:
    resolution: {integrity: sha512-TnbFSbcOCcDgjZ4piURLCbJ3nJhznVh9kw6F6iokjiFPl8ONxe9A6nMDVXDiNbrSfLILs6vB07F7wLBrwPYzJw==}
    engines: {node: '>=10.13.0'}

  webpack-sources@3.2.3:
    resolution: {integrity: sha512-/DyMEOrDgLKKIG0fmvtz+4dUX/3Ghozwgm6iPp8KRhvn+eQf9+Q7GWxVNMk3+uCPWfdXYC4ExGBckIXdFEfH1w==}
    engines: {node: '>=10.13.0'}

  webpack@5.95.0:
    resolution: {integrity: sha512-2t3XstrKULz41MNMBF+cJ97TyHdyQ8HCt//pqErqDvNjU9YQBnZxIHa11VXsi7F3mb5/aO2tuDxdeTPdU7xu9Q==}
    engines: {node: '>=10.13.0'}
    hasBin: true
    peerDependencies:
      webpack-cli: '*'
    peerDependenciesMeta:
      webpack-cli:
        optional: true

snapshots:

  '@babel/helper-string-parser@7.24.8': {}

  '@babel/helper-validator-identifier@7.24.7': {}

  '@babel/parser@7.25.6':
    dependencies:
      '@babel/types': 7.25.6

  '@babel/types@7.25.6':
    dependencies:
      '@babel/helper-string-parser': 7.24.8
      '@babel/helper-validator-identifier': 7.24.7
      to-fast-properties: 2.0.0

  '@jridgewell/gen-mapping@0.3.5':
    dependencies:
      '@jridgewell/set-array': 1.2.1
      '@jridgewell/sourcemap-codec': 1.5.0
      '@jridgewell/trace-mapping': 0.3.25

  '@jridgewell/resolve-uri@3.1.2': {}

  '@jridgewell/set-array@1.2.1': {}

  '@jridgewell/source-map@0.3.6':
    dependencies:
      '@jridgewell/gen-mapping': 0.3.5
      '@jridgewell/trace-mapping': 0.3.25

  '@jridgewell/sourcemap-codec@1.5.0': {}

  '@jridgewell/trace-mapping@0.3.25':
    dependencies:
      '@jridgewell/resolve-uri': 3.1.2
      '@jridgewell/sourcemap-codec': 1.5.0

  '@module-federation/runtime-tools@0.5.1':
    dependencies:
      '@module-federation/runtime': 0.5.1
      '@module-federation/webpack-bundler-runtime': 0.5.1

  '@module-federation/runtime@0.5.1':
    dependencies:
      '@module-federation/sdk': 0.5.1

  '@module-federation/sdk@0.5.1': {}

  '@module-federation/webpack-bundler-runtime@0.5.1':
    dependencies:
      '@module-federation/runtime': 0.5.1
      '@module-federation/sdk': 0.5.1

  '@rsbuild/core@1.0.7':
    dependencies:
      '@rspack/core': 1.0.7(@swc/helpers@0.5.13)
      '@rspack/lite-tapable': 1.0.1
      '@swc/helpers': 0.5.13
      caniuse-lite: 1.0.30001664
      core-js: 3.38.1
    optionalDependencies:
      fsevents: 2.3.3

  '@rsbuild/plugin-vue@1.0.1(@rsbuild/core@1.0.7)(vue@3.5.10(typescript@5.6.2))':
    dependencies:
      '@rsbuild/core': 1.0.7
      vue-loader: 17.4.2(vue@3.5.10(typescript@5.6.2))(webpack@5.95.0)
      webpack: 5.95.0
    transitivePeerDependencies:
      - '@swc/core'
      - '@vue/compiler-sfc'
      - esbuild
      - uglify-js
      - vue
      - webpack-cli

  '@rspack/binding-darwin-arm64@1.0.7':
    optional: true

  '@rspack/binding-darwin-x64@1.0.7':
    optional: true

  '@rspack/binding-linux-arm64-gnu@1.0.7':
    optional: true

  '@rspack/binding-linux-arm64-musl@1.0.7':
    optional: true

  '@rspack/binding-linux-x64-gnu@1.0.7':
    optional: true

  '@rspack/binding-linux-x64-musl@1.0.7':
    optional: true

  '@rspack/binding-win32-arm64-msvc@1.0.7':
    optional: true

  '@rspack/binding-win32-ia32-msvc@1.0.7':
    optional: true

  '@rspack/binding-win32-x64-msvc@1.0.7':
    optional: true

  '@rspack/binding@1.0.7':
    optionalDependencies:
      '@rspack/binding-darwin-arm64': 1.0.7
      '@rspack/binding-darwin-x64': 1.0.7
      '@rspack/binding-linux-arm64-gnu': 1.0.7
      '@rspack/binding-linux-arm64-musl': 1.0.7
      '@rspack/binding-linux-x64-gnu': 1.0.7
      '@rspack/binding-linux-x64-musl': 1.0.7
      '@rspack/binding-win32-arm64-msvc': 1.0.7
      '@rspack/binding-win32-ia32-msvc': 1.0.7
      '@rspack/binding-win32-x64-msvc': 1.0.7

  '@rspack/core@1.0.7(@swc/helpers@0.5.13)':
    dependencies:
      '@module-federation/runtime-tools': 0.5.1
      '@rspack/binding': 1.0.7
      '@rspack/lite-tapable': 1.0.0
      caniuse-lite: 1.0.30001664
    optionalDependencies:
      '@swc/helpers': 0.5.13

  '@rspack/lite-tapable@1.0.0': {}

  '@rspack/lite-tapable@1.0.1': {}

  '@swc/helpers@0.5.13':
    dependencies:
      tslib: 2.7.0

  '@tailwindcss/node@4.0.0-alpha.25':
    dependencies:
      enhanced-resolve: 5.17.1
      jiti: 2.0.0

  '@tailwindcss/oxide-android-arm64@4.0.0-alpha.25':
    optional: true

  '@tailwindcss/oxide-darwin-arm64@4.0.0-alpha.25':
    optional: true

  '@tailwindcss/oxide-darwin-x64@4.0.0-alpha.25':
    optional: true

  '@tailwindcss/oxide-freebsd-x64@4.0.0-alpha.25':
    optional: true

  '@tailwindcss/oxide-linux-arm-gnueabihf@4.0.0-alpha.25':
    optional: true

  '@tailwindcss/oxide-linux-arm64-gnu@4.0.0-alpha.25':
    optional: true

  '@tailwindcss/oxide-linux-arm64-musl@4.0.0-alpha.25':
    optional: true

  '@tailwindcss/oxide-linux-x64-gnu@4.0.0-alpha.25':
    optional: true

  '@tailwindcss/oxide-linux-x64-musl@4.0.0-alpha.25':
    optional: true

  '@tailwindcss/oxide-win32-x64-msvc@4.0.0-alpha.25':
    optional: true

  '@tailwindcss/oxide@4.0.0-alpha.25':
    optionalDependencies:
      '@tailwindcss/oxide-android-arm64': 4.0.0-alpha.25
      '@tailwindcss/oxide-darwin-arm64': 4.0.0-alpha.25
      '@tailwindcss/oxide-darwin-x64': 4.0.0-alpha.25
      '@tailwindcss/oxide-freebsd-x64': 4.0.0-alpha.25
      '@tailwindcss/oxide-linux-arm-gnueabihf': 4.0.0-alpha.25
      '@tailwindcss/oxide-linux-arm64-gnu': 4.0.0-alpha.25
      '@tailwindcss/oxide-linux-arm64-musl': 4.0.0-alpha.25
      '@tailwindcss/oxide-linux-x64-gnu': 4.0.0-alpha.25
      '@tailwindcss/oxide-linux-x64-musl': 4.0.0-alpha.25
      '@tailwindcss/oxide-win32-x64-msvc': 4.0.0-alpha.25

  '@tailwindcss/postcss@4.0.0-alpha.25':
    dependencies:
      '@tailwindcss/node': 4.0.0-alpha.25
      '@tailwindcss/oxide': 4.0.0-alpha.25
      lightningcss: 1.27.0
      tailwindcss: 4.0.0-alpha.25

  '@types/estree@1.0.6': {}

  '@types/json-schema@7.0.15': {}

  '@types/node@22.7.4':
    dependencies:
      undici-types: 6.19.8

  '@vue/compiler-core@3.5.10':
    dependencies:
      '@babel/parser': 7.25.6
      '@vue/shared': 3.5.10
      entities: 4.5.0
      estree-walker: 2.0.2
      source-map-js: 1.2.1

  '@vue/compiler-dom@3.5.10':
    dependencies:
      '@vue/compiler-core': 3.5.10
      '@vue/shared': 3.5.10

  '@vue/compiler-sfc@3.5.10':
    dependencies:
      '@babel/parser': 7.25.6
      '@vue/compiler-core': 3.5.10
      '@vue/compiler-dom': 3.5.10
      '@vue/compiler-ssr': 3.5.10
      '@vue/shared': 3.5.10
      estree-walker: 2.0.2
      magic-string: 0.30.11
      postcss: 8.4.47
      source-map-js: 1.2.1

  '@vue/compiler-ssr@3.5.10':
    dependencies:
      '@vue/compiler-dom': 3.5.10
      '@vue/shared': 3.5.10

  '@vue/reactivity@3.5.10':
    dependencies:
      '@vue/shared': 3.5.10

  '@vue/runtime-core@3.5.10':
    dependencies:
      '@vue/reactivity': 3.5.10
      '@vue/shared': 3.5.10

  '@vue/runtime-dom@3.5.10':
    dependencies:
      '@vue/reactivity': 3.5.10
      '@vue/runtime-core': 3.5.10
      '@vue/shared': 3.5.10
      csstype: 3.1.3

  '@vue/server-renderer@3.5.10(vue@3.5.10(typescript@5.6.2))':
    dependencies:
      '@vue/compiler-ssr': 3.5.10
      '@vue/shared': 3.5.10
      vue: 3.5.10(typescript@5.6.2)

  '@vue/shared@3.5.10': {}

  '@webassemblyjs/ast@1.12.1':
    dependencies:
      '@webassemblyjs/helper-numbers': 1.11.6
      '@webassemblyjs/helper-wasm-bytecode': 1.11.6

  '@webassemblyjs/floating-point-hex-parser@1.11.6': {}

  '@webassemblyjs/helper-api-error@1.11.6': {}

  '@webassemblyjs/helper-buffer@1.12.1': {}

  '@webassemblyjs/helper-numbers@1.11.6':
    dependencies:
      '@webassemblyjs/floating-point-hex-parser': 1.11.6
      '@webassemblyjs/helper-api-error': 1.11.6
      '@xtuc/long': 4.2.2

  '@webassemblyjs/helper-wasm-bytecode@1.11.6': {}

  '@webassemblyjs/helper-wasm-section@1.12.1':
    dependencies:
      '@webassemblyjs/ast': 1.12.1
      '@webassemblyjs/helper-buffer': 1.12.1
      '@webassemblyjs/helper-wasm-bytecode': 1.11.6
      '@webassemblyjs/wasm-gen': 1.12.1

  '@webassemblyjs/ieee754@1.11.6':
    dependencies:
      '@xtuc/ieee754': 1.2.0

  '@webassemblyjs/leb128@1.11.6':
    dependencies:
      '@xtuc/long': 4.2.2

  '@webassemblyjs/utf8@1.11.6': {}

  '@webassemblyjs/wasm-edit@1.12.1':
    dependencies:
      '@webassemblyjs/ast': 1.12.1
      '@webassemblyjs/helper-buffer': 1.12.1
      '@webassemblyjs/helper-wasm-bytecode': 1.11.6
      '@webassemblyjs/helper-wasm-section': 1.12.1
      '@webassemblyjs/wasm-gen': 1.12.1
      '@webassemblyjs/wasm-opt': 1.12.1
      '@webassemblyjs/wasm-parser': 1.12.1
      '@webassemblyjs/wast-printer': 1.12.1

  '@webassemblyjs/wasm-gen@1.12.1':
    dependencies:
      '@webassemblyjs/ast': 1.12.1
      '@webassemblyjs/helper-wasm-bytecode': 1.11.6
      '@webassemblyjs/ieee754': 1.11.6
      '@webassemblyjs/leb128': 1.11.6
      '@webassemblyjs/utf8': 1.11.6

  '@webassemblyjs/wasm-opt@1.12.1':
    dependencies:
      '@webassemblyjs/ast': 1.12.1
      '@webassemblyjs/helper-buffer': 1.12.1
      '@webassemblyjs/wasm-gen': 1.12.1
      '@webassemblyjs/wasm-parser': 1.12.1

  '@webassemblyjs/wasm-parser@1.12.1':
    dependencies:
      '@webassemblyjs/ast': 1.12.1
      '@webassemblyjs/helper-api-error': 1.11.6
      '@webassemblyjs/helper-wasm-bytecode': 1.11.6
      '@webassemblyjs/ieee754': 1.11.6
      '@webassemblyjs/leb128': 1.11.6
      '@webassemblyjs/utf8': 1.11.6

  '@webassemblyjs/wast-printer@1.12.1':
    dependencies:
      '@webassemblyjs/ast': 1.12.1
      '@xtuc/long': 4.2.2

  '@xtuc/ieee754@1.2.0': {}

  '@xtuc/long@4.2.2': {}

  acorn-import-attributes@1.9.5(acorn@8.12.1):
    dependencies:
      acorn: 8.12.1

  acorn@8.12.1: {}

  ajv-keywords@3.5.2(ajv@6.12.6):
    dependencies:
      ajv: 6.12.6

  ajv@6.12.6:
    dependencies:
      fast-deep-equal: 3.1.3
      fast-json-stable-stringify: 2.1.0
      json-schema-traverse: 0.4.1
      uri-js: 4.4.1

  ansi-styles@4.3.0:
    dependencies:
      color-convert: 2.0.1

  browserslist@4.24.0:
    dependencies:
      caniuse-lite: 1.0.30001664
      electron-to-chromium: 1.5.29
      node-releases: 2.0.18
      update-browserslist-db: 1.1.1(browserslist@4.24.0)

  buffer-from@1.1.2: {}

  caniuse-lite@1.0.30001664: {}

  chalk@4.1.2:
    dependencies:
      ansi-styles: 4.3.0
      supports-color: 7.2.0

  chrome-trace-event@1.0.4: {}

  color-convert@2.0.1:
    dependencies:
      color-name: 1.1.4

  color-name@1.1.4: {}

  commander@2.20.3: {}

  core-js@3.38.1: {}

  csstype@3.1.3: {}

  detect-libc@1.0.3: {}

  electron-to-chromium@1.5.29: {}

  enhanced-resolve@5.17.1:
    dependencies:
      graceful-fs: 4.2.11
      tapable: 2.2.1

  entities@4.5.0: {}

  es-module-lexer@1.5.4: {}

  escalade@3.2.0: {}

  eslint-scope@5.1.1:
    dependencies:
      esrecurse: 4.3.0
      estraverse: 4.3.0

  esrecurse@4.3.0:
    dependencies:
      estraverse: 5.3.0

  estraverse@4.3.0: {}

  estraverse@5.3.0: {}

  estree-walker@2.0.2: {}

  events@3.3.0: {}

  fast-deep-equal@3.1.3: {}

  fast-json-stable-stringify@2.1.0: {}

  fsevents@2.3.3:
    optional: true

  glob-to-regexp@0.4.1: {}

  graceful-fs@4.2.11: {}

  has-flag@4.0.0: {}

  hash-sum@2.0.0: {}

  jest-worker@27.5.1:
    dependencies:
      '@types/node': 22.7.4
      merge-stream: 2.0.0
      supports-color: 8.1.1

  jiti@2.0.0: {}

  json-parse-even-better-errors@2.3.1: {}

  json-schema-traverse@0.4.1: {}

  lightningcss-darwin-arm64@1.27.0:
    optional: true

  lightningcss-darwin-x64@1.27.0:
    optional: true

  lightningcss-freebsd-x64@1.27.0:
    optional: true

  lightningcss-linux-arm-gnueabihf@1.27.0:
    optional: true

  lightningcss-linux-arm64-gnu@1.27.0:
    optional: true

  lightningcss-linux-arm64-musl@1.27.0:
    optional: true

  lightningcss-linux-x64-gnu@1.27.0:
    optional: true

  lightningcss-linux-x64-musl@1.27.0:
    optional: true

  lightningcss-win32-arm64-msvc@1.27.0:
    optional: true

  lightningcss-win32-x64-msvc@1.27.0:
    optional: true

  lightningcss@1.27.0:
    dependencies:
      detect-libc: 1.0.3
    optionalDependencies:
      lightningcss-darwin-arm64: 1.27.0
      lightningcss-darwin-x64: 1.27.0
      lightningcss-freebsd-x64: 1.27.0
      lightningcss-linux-arm-gnueabihf: 1.27.0
      lightningcss-linux-arm64-gnu: 1.27.0
      lightningcss-linux-arm64-musl: 1.27.0
      lightningcss-linux-x64-gnu: 1.27.0
      lightningcss-linux-x64-musl: 1.27.0
      lightningcss-win32-arm64-msvc: 1.27.0
      lightningcss-win32-x64-msvc: 1.27.0

  loader-runner@4.3.0: {}

  magic-string@0.30.11:
    dependencies:
      '@jridgewell/sourcemap-codec': 1.5.0

  merge-stream@2.0.0: {}

  mime-db@1.52.0: {}

  mime-types@2.1.35:
    dependencies:
      mime-db: 1.52.0

  nanoid@3.3.7: {}

  neo-async@2.6.2: {}

  node-releases@2.0.18: {}

  picocolors@1.1.0: {}

  postcss@8.4.47:
    dependencies:
      nanoid: 3.3.7
      picocolors: 1.1.0
      source-map-js: 1.2.1

  punycode@2.3.1: {}

  randombytes@2.1.0:
    dependencies:
      safe-buffer: 5.2.1

  safe-buffer@5.2.1: {}

  schema-utils@3.3.0:
    dependencies:
      '@types/json-schema': 7.0.15
      ajv: 6.12.6
      ajv-keywords: 3.5.2(ajv@6.12.6)

  serialize-javascript@6.0.2:
    dependencies:
      randombytes: 2.1.0

  source-map-js@1.2.1: {}

  source-map-support@0.5.21:
    dependencies:
      buffer-from: 1.1.2
      source-map: 0.6.1

  source-map@0.6.1: {}

  supports-color@7.2.0:
    dependencies:
      has-flag: 4.0.0

  supports-color@8.1.1:
    dependencies:
      has-flag: 4.0.0

  tailwindcss@4.0.0-alpha.25: {}

  tapable@2.2.1: {}

  terser-webpack-plugin@5.3.10(webpack@5.95.0):
    dependencies:
      '@jridgewell/trace-mapping': 0.3.25
      jest-worker: 27.5.1
      schema-utils: 3.3.0
      serialize-javascript: 6.0.2
      terser: 5.34.0
      webpack: 5.95.0

  terser@5.34.0:
    dependencies:
      '@jridgewell/source-map': 0.3.6
      acorn: 8.12.1
      commander: 2.20.3
      source-map-support: 0.5.21

  to-fast-properties@2.0.0: {}

  tslib@2.7.0: {}

  typescript@5.6.2: {}

  undici-types@6.19.8: {}

  update-browserslist-db@1.1.1(browserslist@4.24.0):
    dependencies:
      browserslist: 4.24.0
      escalade: 3.2.0
      picocolors: 1.1.0

  uri-js@4.4.1:
    dependencies:
      punycode: 2.3.1

  vue-loader@17.4.2(vue@3.5.10(typescript@5.6.2))(webpack@5.95.0):
    dependencies:
      chalk: 4.1.2
      hash-sum: 2.0.0
      watchpack: 2.4.2
      webpack: 5.95.0
    optionalDependencies:
      vue: 3.5.10(typescript@5.6.2)

  vue@3.5.10(typescript@5.6.2):
    dependencies:
      '@vue/compiler-dom': 3.5.10
      '@vue/compiler-sfc': 3.5.10
      '@vue/runtime-dom': 3.5.10
      '@vue/server-renderer': 3.5.10(vue@3.5.10(typescript@5.6.2))
      '@vue/shared': 3.5.10
    optionalDependencies:
      typescript: 5.6.2

  watchpack@2.4.2:
    dependencies:
      glob-to-regexp: 0.4.1
      graceful-fs: 4.2.11

  webpack-sources@3.2.3: {}

  webpack@5.95.0:
    dependencies:
      '@types/estree': 1.0.6
      '@webassemblyjs/ast': 1.12.1
      '@webassemblyjs/wasm-edit': 1.12.1
      '@webassemblyjs/wasm-parser': 1.12.1
      acorn: 8.12.1
      acorn-import-attributes: 1.9.5(acorn@8.12.1)
      browserslist: 4.24.0
      chrome-trace-event: 1.0.4
      enhanced-resolve: 5.17.1
      es-module-lexer: 1.5.4
      eslint-scope: 5.1.1
      events: 3.3.0
      glob-to-regexp: 0.4.1
      graceful-fs: 4.2.11
      json-parse-even-better-errors: 2.3.1
      loader-runner: 4.3.0
      mime-types: 2.1.35
      neo-async: 2.6.2
      schema-utils: 3.3.0
      tapable: 2.2.1
      terser-webpack-plugin: 5.3.10(webpack@5.95.0)
      watchpack: 2.4.2
      webpack-sources: 3.2.3
    transitivePeerDependencies:
      - '@swc/core'
      - esbuild
      - uglify-js
